
Microsoft Visual Studio Solution File, Format Version 12.00
# Visual Studio Version 17
VisualStudioVersion = 17.7.34024.191
MinimumVisualStudioVersion = 10.0.40219.1
Project("{FAE04EC0-301F-11D3-BF4B-00C04F79EFBC}") = "MTCG", "MTCG.csproj", "{30E9B284-6A32-4A22-8E9F-6893A0A5EC7B}"
EndProject
Global
	GlobalSection(SolutionConfigurationPlatforms) = preSolution
		Debug|Any CPU = Debug|Any CPU
		Release|Any CPU = Release|Any CPU
	EndGlobalSection
	GlobalSection(ProjectConfigurationPlatforms) = postSolution
		{30E9B284-6A32-4A22-8E9F-6893A0A5EC7B}.Debug|Any CPU.ActiveCfg = Debug|Any CPU
		{30E9B284-6A32-4A22-8E9F-6893A0A5EC7B}.Debug|Any CPU.Build.0 = Debug|Any CPU
		{30E9B284-6A32-4A22-8E9F-6893A0A5EC7B}.Release|Any CPU.ActiveCfg = Release|Any CPU
		{30E9B284-6A32-4A22-8E9F-6893A0A5EC7B}.Release|Any CPU.Build.0 = Release|Any CPU
	EndGlobalSection
	GlobalSection(SolutionProperties) = preSolution
		HideSolutionNode = FALSE
	EndGlobalSection
	GlobalSection(ExtensibilityGlobals) = postSolution
		SolutionGuid = {9DE79B50-97D3-4990-BDDD-0C8373D97A7A}
	EndGlobalSection
EndGlobal
